
Microsoft Visual Studio Solution File, Format Version 12.00
# Visual Studio Version 16
VisualStudioVersion = 16.0.30011.22
MinimumVisualStudioVersion = 10.0.40219.1
Project("{9A19103F-16F7-4668-BE54-9A1E7A4F7556}") = "Athena", "Athena.csproj", "{594F6109-FC9B-44FF-8A94-EC09D6E429D5}"
EndProject
Global
	GlobalSection(SolutionConfigurationPlatforms) = preSolution
		Debug|Any CPU = Debug|Any CPU
		Release|Any CPU = Release|Any CPU
	EndGlobalSection
	GlobalSection(ProjectConfigurationPlatforms) = postSolution
		{594F6109-FC9B-44FF-8A94-EC09D6E429D5}.Debug|Any CPU.ActiveCfg = Debug|Any CPU
		{594F6109-FC9B-44FF-8A94-EC09D6E429D5}.Debug|Any CPU.Build.0 = Debug|Any CPU
		{594F6109-FC9B-44FF-8A94-EC09D6E429D5}.Release|Any CPU.ActiveCfg = Release|Any CPU
		{594F6109-FC9B-44FF-8A94-EC09D6E429D5}.Release|Any CPU.Build.0 = Release|Any CPU
	EndGlobalSection
	GlobalSection(SolutionProperties) = preSolution
		HideSolutionNode = FALSE
	EndGlobalSection
	GlobalSection(ExtensibilityGlobals) = postSolution
		SolutionGuid = {86AC42DD-9AE5-426E-971E-69CF3B7B2B59}
	EndGlobalSection
EndGlobal
